
Microsoft Visual Studio Solution File, Format Version 12.00
# Visual Studio Version 17
VisualStudioVersion = 17.11.35222.181
MinimumVisualStudioVersion = 10.0.40219.1
Project("{FAE04EC0-301F-11D3-BF4B-00C04F79EFBC}") = "task1", "task1.csproj", "{110783DE-F291-4A33-9826-170F6F73F7E5}"
EndProject
Global
	GlobalSection(SolutionConfigurationPlatforms) = preSolution
		Debug|Any CPU = Debug|Any CPU
		Release|Any CPU = Release|Any CPU
	EndGlobalSection
	GlobalSection(ProjectConfigurationPlatforms) = postSolution
		{110783DE-F291-4A33-9826-170F6F73F7E5}.Debug|Any CPU.ActiveCfg = Debug|Any CPU
		{110783DE-F291-4A33-9826-170F6F73F7E5}.Debug|Any CPU.Build.0 = Debug|Any CPU
		{110783DE-F291-4A33-9826-170F6F73F7E5}.Release|Any CPU.ActiveCfg = Release|Any CPU
		{110783DE-F291-4A33-9826-170F6F73F7E5}.Release|Any CPU.Build.0 = Release|Any CPU
	EndGlobalSection
	GlobalSection(SolutionProperties) = preSolution
		HideSolutionNode = FALSE
	EndGlobalSection
	GlobalSection(ExtensibilityGlobals) = postSolution
		SolutionGuid = {26CAAB62-D4A1-44B9-8D53-9C9179ABD781}
	EndGlobalSection
EndGlobal
