
Microsoft Visual Studio Solution File, Format Version 12.00
# Visual Studio Version 17
VisualStudioVersion = 17.11.35222.181
MinimumVisualStudioVersion = 10.0.40219.1
Project("{FAE04EC0-301F-11D3-BF4B-00C04F79EFBC}") = "task1", "task1.csproj", "{7D60EF9F-AE48-429B-BC96-9917DD756F8F}"
EndProject
Global
	GlobalSection(SolutionConfigurationPlatforms) = preSolution
		Debug|Any CPU = Debug|Any CPU
		Release|Any CPU = Release|Any CPU
	EndGlobalSection
	GlobalSection(ProjectConfigurationPlatforms) = postSolution
		{7D60EF9F-AE48-429B-BC96-9917DD756F8F}.Debug|Any CPU.ActiveCfg = Debug|Any CPU
		{7D60EF9F-AE48-429B-BC96-9917DD756F8F}.Debug|Any CPU.Build.0 = Debug|Any CPU
		{7D60EF9F-AE48-429B-BC96-9917DD756F8F}.Release|Any CPU.ActiveCfg = Release|Any CPU
		{7D60EF9F-AE48-429B-BC96-9917DD756F8F}.Release|Any CPU.Build.0 = Release|Any CPU
	EndGlobalSection
	GlobalSection(SolutionProperties) = preSolution
		HideSolutionNode = FALSE
	EndGlobalSection
	GlobalSection(ExtensibilityGlobals) = postSolution
		SolutionGuid = {57EEEBFF-8D25-431C-AE38-715BAA60D942}
	EndGlobalSection
EndGlobal
