
Microsoft Visual Studio Solution File, Format Version 12.00
# Visual Studio Version 17
VisualStudioVersion = 17.11.35222.181
MinimumVisualStudioVersion = 10.0.40219.1
Project("{FAE04EC0-301F-11D3-BF4B-00C04F79EFBC}") = "task1", "task1.csproj", "{DF1F4861-E6A3-411D-9C62-61B19D0E1456}"
EndProject
Global
	GlobalSection(SolutionConfigurationPlatforms) = preSolution
		Debug|Any CPU = Debug|Any CPU
		Release|Any CPU = Release|Any CPU
	EndGlobalSection
	GlobalSection(ProjectConfigurationPlatforms) = postSolution
		{DF1F4861-E6A3-411D-9C62-61B19D0E1456}.Debug|Any CPU.ActiveCfg = Debug|Any CPU
		{DF1F4861-E6A3-411D-9C62-61B19D0E1456}.Debug|Any CPU.Build.0 = Debug|Any CPU
		{DF1F4861-E6A3-411D-9C62-61B19D0E1456}.Release|Any CPU.ActiveCfg = Release|Any CPU
		{DF1F4861-E6A3-411D-9C62-61B19D0E1456}.Release|Any CPU.Build.0 = Release|Any CPU
	EndGlobalSection
	GlobalSection(SolutionProperties) = preSolution
		HideSolutionNode = FALSE
	EndGlobalSection
	GlobalSection(ExtensibilityGlobals) = postSolution
		SolutionGuid = {1F3FA6BB-CA83-4258-A478-B244E2BBDD89}
	EndGlobalSection
EndGlobal
