
Microsoft Visual Studio Solution File, Format Version 12.00
# Visual Studio Version 17
VisualStudioVersion = 17.11.35222.181
MinimumVisualStudioVersion = 10.0.40219.1
Project("{FAE04EC0-301F-11D3-BF4B-00C04F79EFBC}") = "task4", "task4.csproj", "{EE78F978-8325-464D-9699-B7F6CC99E93E}"
EndProject
Global
	GlobalSection(SolutionConfigurationPlatforms) = preSolution
		Debug|Any CPU = Debug|Any CPU
		Release|Any CPU = Release|Any CPU
	EndGlobalSection
	GlobalSection(ProjectConfigurationPlatforms) = postSolution
		{EE78F978-8325-464D-9699-B7F6CC99E93E}.Debug|Any CPU.ActiveCfg = Debug|Any CPU
		{EE78F978-8325-464D-9699-B7F6CC99E93E}.Debug|Any CPU.Build.0 = Debug|Any CPU
		{EE78F978-8325-464D-9699-B7F6CC99E93E}.Release|Any CPU.ActiveCfg = Release|Any CPU
		{EE78F978-8325-464D-9699-B7F6CC99E93E}.Release|Any CPU.Build.0 = Release|Any CPU
	EndGlobalSection
	GlobalSection(SolutionProperties) = preSolution
		HideSolutionNode = FALSE
	EndGlobalSection
	GlobalSection(ExtensibilityGlobals) = postSolution
		SolutionGuid = {4CD298CF-C60E-4CBD-957D-17C4F5992917}
	EndGlobalSection
EndGlobal
