
Microsoft Visual Studio Solution File, Format Version 12.00
# Visual Studio Version 17
VisualStudioVersion = 17.11.35222.181
MinimumVisualStudioVersion = 10.0.40219.1
Project("{FAE04EC0-301F-11D3-BF4B-00C04F79EFBC}") = "task5", "task5.csproj", "{43D9DADB-991D-46FF-857D-2443764A7692}"
EndProject
Global
	GlobalSection(SolutionConfigurationPlatforms) = preSolution
		Debug|Any CPU = Debug|Any CPU
		Release|Any CPU = Release|Any CPU
	EndGlobalSection
	GlobalSection(ProjectConfigurationPlatforms) = postSolution
		{43D9DADB-991D-46FF-857D-2443764A7692}.Debug|Any CPU.ActiveCfg = Debug|Any CPU
		{43D9DADB-991D-46FF-857D-2443764A7692}.Debug|Any CPU.Build.0 = Debug|Any CPU
		{43D9DADB-991D-46FF-857D-2443764A7692}.Release|Any CPU.ActiveCfg = Release|Any CPU
		{43D9DADB-991D-46FF-857D-2443764A7692}.Release|Any CPU.Build.0 = Release|Any CPU
	EndGlobalSection
	GlobalSection(SolutionProperties) = preSolution
		HideSolutionNode = FALSE
	EndGlobalSection
	GlobalSection(ExtensibilityGlobals) = postSolution
		SolutionGuid = {6CD01800-52E8-45ED-9D50-730CA18DD88E}
	EndGlobalSection
EndGlobal
