
Microsoft Visual Studio Solution File, Format Version 12.00
# Visual Studio Version 17
VisualStudioVersion = 17.11.35222.181
MinimumVisualStudioVersion = 10.0.40219.1
Project("{FAE04EC0-301F-11D3-BF4B-00C04F79EFBC}") = "task1", "task1.csproj", "{BA7618BA-FBA2-4D74-AB92-4478E046FA48}"
EndProject
Global
	GlobalSection(SolutionConfigurationPlatforms) = preSolution
		Debug|Any CPU = Debug|Any CPU
		Release|Any CPU = Release|Any CPU
	EndGlobalSection
	GlobalSection(ProjectConfigurationPlatforms) = postSolution
		{BA7618BA-FBA2-4D74-AB92-4478E046FA48}.Debug|Any CPU.ActiveCfg = Debug|Any CPU
		{BA7618BA-FBA2-4D74-AB92-4478E046FA48}.Debug|Any CPU.Build.0 = Debug|Any CPU
		{BA7618BA-FBA2-4D74-AB92-4478E046FA48}.Release|Any CPU.ActiveCfg = Release|Any CPU
		{BA7618BA-FBA2-4D74-AB92-4478E046FA48}.Release|Any CPU.Build.0 = Release|Any CPU
	EndGlobalSection
	GlobalSection(SolutionProperties) = preSolution
		HideSolutionNode = FALSE
	EndGlobalSection
	GlobalSection(ExtensibilityGlobals) = postSolution
		SolutionGuid = {84E56C5F-1E60-4545-A4C2-85BAC62A7320}
	EndGlobalSection
EndGlobal
